
Microsoft Visual Studio Solution File, Format Version 12.00
# Visual Studio 14
VisualStudioVersion = 14.0.25420.1
MinimumVisualStudioVersion = 10.0.40219.1
Project("{2150E333-8FDC-42A3-9474-1A3956D46DE8}") = "src", "src", "{801AD735-D91B-49A2-994C-AB32C1E0BA2F}"
EndProject
Project("{2150E333-8FDC-42A3-9474-1A3956D46DE8}") = "Solution Items", "Solution Items", "{480F2679-0123-46B3-A1E2-959CF34D886C}"
	ProjectSection(SolutionItems) = preProject
		global.json = global.json
	EndProjectSection
EndProject
Project("{8BB2217D-0F2D-49D1-97BC-3654ED321F3B}") = "gitPractise", "src\gitPractise\gitPractise.xproj", "{50AC1B2C-2552-4DC4-B052-C9FA30448076}"
EndProject
Global
	GlobalSection(SolutionConfigurationPlatforms) = preSolution
		Debug|Any CPU = Debug|Any CPU
		Release|Any CPU = Release|Any CPU
	EndGlobalSection
	GlobalSection(ProjectConfigurationPlatforms) = postSolution
		{50AC1B2C-2552-4DC4-B052-C9FA30448076}.Debug|Any CPU.ActiveCfg = Debug|Any CPU
		{50AC1B2C-2552-4DC4-B052-C9FA30448076}.Debug|Any CPU.Build.0 = Debug|Any CPU
		{50AC1B2C-2552-4DC4-B052-C9FA30448076}.Release|Any CPU.ActiveCfg = Release|Any CPU
		{50AC1B2C-2552-4DC4-B052-C9FA30448076}.Release|Any CPU.Build.0 = Release|Any CPU
	EndGlobalSection
	GlobalSection(SolutionProperties) = preSolution
		HideSolutionNode = FALSE
	EndGlobalSection
	GlobalSection(NestedProjects) = preSolution
		{50AC1B2C-2552-4DC4-B052-C9FA30448076} = {801AD735-D91B-49A2-994C-AB32C1E0BA2F}
	EndGlobalSection
EndGlobal
